
Microsoft Visual Studio Solution File, Format Version 12.00
# Visual Studio Version 16
VisualStudioVersion = 16.0.31624.102
MinimumVisualStudioVersion = 10.0.40219.1
Project("{FAE04EC0-301F-11D3-BF4B-00C04F79EFBC}") = "Entities", "Entities\Entities.csproj", "{9989A1C9-3757-4335-B457-43FD62889C58}"
EndProject
Project("{FAE04EC0-301F-11D3-BF4B-00C04F79EFBC}") = "Business", "Business\Business.csproj", "{C225781F-0C1D-49F0-B7E0-17102F9C5BFB}"
EndProject
Project("{FAE04EC0-301F-11D3-BF4B-00C04F79EFBC}") = "ConsoleUI", "ConsoleUI\ConsoleUI.csproj", "{0C79BEB0-E389-4200-BBBC-16854F139323}"
EndProject
Project("{FAE04EC0-301F-11D3-BF4B-00C04F79EFBC}") = "DataAccess", "DataAccess\DataAccess.csproj", "{249D1A7D-96B4-4F04-BE4A-3D63F5993F58}"
EndProject
Project("{FAE04EC0-301F-11D3-BF4B-00C04F79EFBC}") = "Core", "Core\Core.csproj", "{9C052E4F-2092-4930-B2A9-A8754CCBA599}"
EndProject
Global
	GlobalSection(SolutionConfigurationPlatforms) = preSolution
		Debug|Any CPU = Debug|Any CPU
		Release|Any CPU = Release|Any CPU
	EndGlobalSection
	GlobalSection(ProjectConfigurationPlatforms) = postSolution
		{9989A1C9-3757-4335-B457-43FD62889C58}.Debug|Any CPU.ActiveCfg = Debug|Any CPU
		{9989A1C9-3757-4335-B457-43FD62889C58}.Debug|Any CPU.Build.0 = Debug|Any CPU
		{9989A1C9-3757-4335-B457-43FD62889C58}.Release|Any CPU.ActiveCfg = Release|Any CPU
		{9989A1C9-3757-4335-B457-43FD62889C58}.Release|Any CPU.Build.0 = Release|Any CPU
		{C225781F-0C1D-49F0-B7E0-17102F9C5BFB}.Debug|Any CPU.ActiveCfg = Debug|Any CPU
		{C225781F-0C1D-49F0-B7E0-17102F9C5BFB}.Debug|Any CPU.Build.0 = Debug|Any CPU
		{C225781F-0C1D-49F0-B7E0-17102F9C5BFB}.Release|Any CPU.ActiveCfg = Release|Any CPU
		{C225781F-0C1D-49F0-B7E0-17102F9C5BFB}.Release|Any CPU.Build.0 = Release|Any CPU
		{0C79BEB0-E389-4200-BBBC-16854F139323}.Debug|Any CPU.ActiveCfg = Debug|Any CPU
		{0C79BEB0-E389-4200-BBBC-16854F139323}.Debug|Any CPU.Build.0 = Debug|Any CPU
		{0C79BEB0-E389-4200-BBBC-16854F139323}.Release|Any CPU.ActiveCfg = Release|Any CPU
		{0C79BEB0-E389-4200-BBBC-16854F139323}.Release|Any CPU.Build.0 = Release|Any CPU
		{249D1A7D-96B4-4F04-BE4A-3D63F5993F58}.Debug|Any CPU.ActiveCfg = Debug|Any CPU
		{249D1A7D-96B4-4F04-BE4A-3D63F5993F58}.Debug|Any CPU.Build.0 = Debug|Any CPU
		{249D1A7D-96B4-4F04-BE4A-3D63F5993F58}.Release|Any CPU.ActiveCfg = Release|Any CPU
		{249D1A7D-96B4-4F04-BE4A-3D63F5993F58}.Release|Any CPU.Build.0 = Release|Any CPU
		{9C052E4F-2092-4930-B2A9-A8754CCBA599}.Debug|Any CPU.ActiveCfg = Debug|Any CPU
		{9C052E4F-2092-4930-B2A9-A8754CCBA599}.Debug|Any CPU.Build.0 = Debug|Any CPU
		{9C052E4F-2092-4930-B2A9-A8754CCBA599}.Release|Any CPU.ActiveCfg = Release|Any CPU
		{9C052E4F-2092-4930-B2A9-A8754CCBA599}.Release|Any CPU.Build.0 = Release|Any CPU
	EndGlobalSection
	GlobalSection(SolutionProperties) = preSolution
		HideSolutionNode = FALSE
	EndGlobalSection
	GlobalSection(ExtensibilityGlobals) = postSolution
		SolutionGuid = {D438E9A4-17AF-4820-8920-65826D521722}
	EndGlobalSection
EndGlobal
